{
  "version": "3",
  "packages": {
    "specifiers": {
      "jsr:@bradenmacdonald/s3-lite-client@^0.7.6": "jsr:@bradenmacdonald/s3-lite-client@0.7.6",
      "jsr:@hono/hono@^4.5.1": "jsr:@hono/hono@4.5.1",
      "jsr:@std/bytes@^1.0.2-rc.3": "jsr:@std/bytes@1.0.2",
      "jsr:@std/io@^0.224": "jsr:@std/io@0.224.4",
      "npm:@types/node": "npm:@types/node@18.16.19"
    },
    "jsr": {
      "@bradenmacdonald/s3-lite-client@0.7.6": {
        "integrity": "2b5976dca95d207dc88e23f9807e3eecbc441b0cf547dcda5784afe6668404d1",
        "dependencies": [
          "jsr:@std/io@^0.224"
        ]
      },
      "@hono/hono@4.5.1": {
        "integrity": "459748ed4d4146c6e4bdff0213ff1ac44749904066ae02e7550d6c7f28c9bc4c"
      },
      "@std/bytes@1.0.2": {
        "integrity": "fbdee322bbd8c599a6af186a1603b3355e59a5fb1baa139f8f4c3c9a1b3e3d57"
      },
      "@std/io@0.224.4": {
        "integrity": "bce1151765e4e70e376039fd72c71672b4d4aae363878a5ee3e58361b81197ec",
        "dependencies": [
          "jsr:@std/bytes@^1.0.2-rc.3"
        ]
      }
    },
    "npm": {
      "@types/node@18.16.19": {
        "integrity": "sha512-IXl7o+R9iti9eBW4Wg2hx1xQDig183jj7YLn8F7udNceyfkbn1ZxmzZXuak20gR40D7pIkIY1kYGx5VIGbaHKA==",
        "dependencies": {}
      }
    }
  },
  "remote": {},
  "workspace": {
    "dependencies": [
      "jsr:@bradenmacdonald/s3-lite-client@^0.7.6",
      "jsr:@db/sqlite@^0.11.1",
      "jsr:@hono/hono@^4.5.1",
      "jsr:@std/dotenv",
      "jsr:@std/fs"
    ]
  }
}
